
Microsoft Visual Studio Solution File, Format Version 12.00
# Visual Studio Version 17
VisualStudioVersion = 17.5.002.0
MinimumVisualStudioVersion = 10.0.40219.1
Project("{9A19103F-16F7-4668-BE54-9A1E7A4F7556}") = "DesafioProjetoHospedagem", "DesafioProjetoHospedagem.csproj", "{A99075F7-7637-42B4-9FD3-FE4B65EF9FCB}"
EndProject
Global
	GlobalSection(SolutionConfigurationPlatforms) = preSolution
		Debug|Any CPU = Debug|Any CPU
		Release|Any CPU = Release|Any CPU
	EndGlobalSection
	GlobalSection(ProjectConfigurationPlatforms) = postSolution
		{A99075F7-7637-42B4-9FD3-FE4B65EF9FCB}.Debug|Any CPU.ActiveCfg = Debug|Any CPU
		{A99075F7-7637-42B4-9FD3-FE4B65EF9FCB}.Debug|Any CPU.Build.0 = Debug|Any CPU
		{A99075F7-7637-42B4-9FD3-FE4B65EF9FCB}.Release|Any CPU.ActiveCfg = Release|Any CPU
		{A99075F7-7637-42B4-9FD3-FE4B65EF9FCB}.Release|Any CPU.Build.0 = Release|Any CPU
	EndGlobalSection
	GlobalSection(SolutionProperties) = preSolution
		HideSolutionNode = FALSE
	EndGlobalSection
	GlobalSection(ExtensibilityGlobals) = postSolution
		SolutionGuid = {563EB332-AC0D-448C-A21E-91D6A2A27CFA}
	EndGlobalSection
EndGlobal
